
Microsoft Visual Studio Solution File, Format Version 12.00
# Visual Studio Version 16
VisualStudioVersion = 16.0.29709.97
MinimumVisualStudioVersion = 10.0.40219.1
Project("{9A19103F-16F7-4668-BE54-9A1E7A4F7556}") = "ChiffreEnLettre", "ChiffreEnLettre.csproj", "{1477C562-50CA-4ECD-8D7E-A407F099445B}"
EndProject
Project("{9A19103F-16F7-4668-BE54-9A1E7A4F7556}") = "ConsoleApp", "..\ConsoleApp\ConsoleApp.csproj", "{B28240C5-6FE8-42D6-8691-D76C1B5BBE94}"
EndProject
Global
	GlobalSection(SolutionConfigurationPlatforms) = preSolution
		Debug|Any CPU = Debug|Any CPU
		Release|Any CPU = Release|Any CPU
	EndGlobalSection
	GlobalSection(ProjectConfigurationPlatforms) = postSolution
		{1477C562-50CA-4ECD-8D7E-A407F099445B}.Debug|Any CPU.ActiveCfg = Debug|Any CPU
		{1477C562-50CA-4ECD-8D7E-A407F099445B}.Debug|Any CPU.Build.0 = Debug|Any CPU
		{1477C562-50CA-4ECD-8D7E-A407F099445B}.Release|Any CPU.ActiveCfg = Release|Any CPU
		{1477C562-50CA-4ECD-8D7E-A407F099445B}.Release|Any CPU.Build.0 = Release|Any CPU
		{B28240C5-6FE8-42D6-8691-D76C1B5BBE94}.Debug|Any CPU.ActiveCfg = Debug|Any CPU
		{B28240C5-6FE8-42D6-8691-D76C1B5BBE94}.Debug|Any CPU.Build.0 = Debug|Any CPU
		{B28240C5-6FE8-42D6-8691-D76C1B5BBE94}.Release|Any CPU.ActiveCfg = Release|Any CPU
		{B28240C5-6FE8-42D6-8691-D76C1B5BBE94}.Release|Any CPU.Build.0 = Release|Any CPU
	EndGlobalSection
	GlobalSection(SolutionProperties) = preSolution
		HideSolutionNode = FALSE
	EndGlobalSection
	GlobalSection(ExtensibilityGlobals) = postSolution
		SolutionGuid = {A582BB73-D461-4B02-AE23-99B1EDDA3324}
	EndGlobalSection
EndGlobal
